
Microsoft Visual Studio Solution File, Format Version 12.00
# Visual Studio Version 17
VisualStudioVersion = 17.10.35027.167
MinimumVisualStudioVersion = 10.0.40219.1
Project("{FAE04EC0-301F-11D3-BF4B-00C04F79EFBC}") = "Laboratorio 3 POE", "Laboratorio 3 POE\Laboratorio 3 POE.csproj", "{AD0CDBB7-9B9B-49B2-969B-9362C39BDA13}"
EndProject
Global
	GlobalSection(SolutionConfigurationPlatforms) = preSolution
		Debug|Any CPU = Debug|Any CPU
		Release|Any CPU = Release|Any CPU
	EndGlobalSection
	GlobalSection(ProjectConfigurationPlatforms) = postSolution
		{AD0CDBB7-9B9B-49B2-969B-9362C39BDA13}.Debug|Any CPU.ActiveCfg = Debug|Any CPU
		{AD0CDBB7-9B9B-49B2-969B-9362C39BDA13}.Debug|Any CPU.Build.0 = Debug|Any CPU
		{AD0CDBB7-9B9B-49B2-969B-9362C39BDA13}.Release|Any CPU.ActiveCfg = Release|Any CPU
		{AD0CDBB7-9B9B-49B2-969B-9362C39BDA13}.Release|Any CPU.Build.0 = Release|Any CPU
	EndGlobalSection
	GlobalSection(SolutionProperties) = preSolution
		HideSolutionNode = FALSE
	EndGlobalSection
	GlobalSection(ExtensibilityGlobals) = postSolution
		SolutionGuid = {08D4841A-12E7-4CC0-A7D9-7F93AE55CA43}
	EndGlobalSection
EndGlobal
